// !$*UTF8*$!
{
	archiveVersion = 1;
	classes = {
	};
	objectVersion = 55;
	objects = {

/* Begin PBXBuildFile section */
		9BA49C18297693C20039B0BB /* AppDelegate.swift in Sources */ = {isa = PBXBuildFile; fileRef = 9BA49C17297693C20039B0BB /* AppDelegate.swift */; };
		9BA49C1A297693C20039B0BB /* SceneDelegate.swift in Sources */ = {isa = PBXBuildFile; fileRef = 9BA49C19297693C20039B0BB /* SceneDelegate.swift */; };
		9BA49C1C297693C20039B0BB /* ViewController.swift in Sources */ = {isa = PBXBuildFile; fileRef = 9BA49C1B297693C20039B0BB /* ViewController.swift */; };
		9BA49C1F297693C20039B0BB /* Main.storyboard in Resources */ = {isa = PBXBuildFile; fileRef = 9BA49C1D297693C20039B0BB /* Main.storyboard */; };
		9BA49C22297693C20039B0BB /* e_library.xcdatamodeld in Sources */ = {isa = PBXBuildFile; fileRef = 9BA49C20297693C20039B0BB /* e_library.xcdatamodeld */; };
		9BA49C24297693C40039B0BB /* Assets.xcassets in Resources */ = {isa = PBXBuildFile; fileRef = 9BA49C23297693C40039B0BB /* Assets.xcassets */; };
		9BA49C27297693C40039B0BB /* LaunchScreen.storyboard in Resources */ = {isa = PBXBuildFile; fileRef = 9BA49C25297693C40039B0BB /* LaunchScreen.storyboard */; };
		9BA49C31297694BF0039B0BB /* FavoriteBook+CoreDataClass.swift in Sources */ = {isa = PBXBuildFile; fileRef = 9BA49C2F297694BF0039B0BB /* FavoriteBook+CoreDataClass.swift */; };
		9BA49C32297694BF0039B0BB /* FavoriteBook+CoreDataProperties.swift in Sources */ = {isa = PBXBuildFile; fileRef = 9BA49C30297694BF0039B0BB /* FavoriteBook+CoreDataProperties.swift */; };
		9BA49C382976950C0039B0BB /* CoreDataManager.swift in Sources */ = {isa = PBXBuildFile; fileRef = 9BA49C362976950C0039B0BB /* CoreDataManager.swift */; };
		9BA49C392976950C0039B0BB /* CoreDataDelegate.swift in Sources */ = {isa = PBXBuildFile; fileRef = 9BA49C372976950C0039B0BB /* CoreDataDelegate.swift */; };
/* End PBXBuildFile section */

/* Begin PBXFileReference section */
		9BA49C14297693C20039B0BB /* e-library.app */ = {isa = PBXFileReference; explicitFileType = wrapper.application; includeInIndex = 0; path = "e-library.app"; sourceTree = BUILT_PRODUCTS_DIR; };
		9BA49C17297693C20039B0BB /* AppDelegate.swift */ = {isa = PBXFileReference; lastKnownFileType = sourcecode.swift; path = AppDelegate.swift; sourceTree = "<group>"; };
		9BA49C19297693C20039B0BB /* SceneDelegate.swift */ = {isa = PBXFileReference; lastKnownFileType = sourcecode.swift; path = SceneDelegate.swift; sourceTree = "<group>"; };
		9BA49C1B297693C20039B0BB /* ViewController.swift */ = {isa = PBXFileReference; lastKnownFileType = sourcecode.swift; path = ViewController.swift; sourceTree = "<group>"; };
		9BA49C1E297693C20039B0BB /* Base */ = {isa = PBXFileReference; lastKnownFileType = file.storyboard; name = Base; path = Base.lproj/Main.storyboard; sourceTree = "<group>"; };
		9BA49C21297693C20039B0BB /* e_library.xcdatamodel */ = {isa = PBXFileReference; lastKnownFileType = wrapper.xcdatamodel; path = e_library.xcdatamodel; sourceTree = "<group>"; };
		9BA49C23297693C40039B0BB /* Assets.xcassets */ = {isa = PBXFileReference; lastKnownFileType = folder.assetcatalog; path = Assets.xcassets; sourceTree = "<group>"; };
		9BA49C26297693C40039B0BB /* Base */ = {isa = PBXFileReference; lastKnownFileType = file.storyboard; name = Base; path = Base.lproj/LaunchScreen.storyboard; sourceTree = "<group>"; };
		9BA49C28297693C40039B0BB /* Info.plist */ = {isa = PBXFileReference; lastKnownFileType = text.plist.xml; path = Info.plist; sourceTree = "<group>"; };
		9BA49C2F297694BF0039B0BB /* FavoriteBook+CoreDataClass.swift */ = {isa = PBXFileReference; lastKnownFileType = sourcecode.swift; path = "FavoriteBook+CoreDataClass.swift"; sourceTree = "<group>"; };
		9BA49C30297694BF0039B0BB /* FavoriteBook+CoreDataProperties.swift */ = {isa = PBXFileReference; lastKnownFileType = sourcecode.swift; path = "FavoriteBook+CoreDataProperties.swift"; sourceTree = "<group>"; };
		9BA49C362976950C0039B0BB /* CoreDataManager.swift */ = {isa = PBXFileReference; fileEncoding = 4; lastKnownFileType = sourcecode.swift; path = CoreDataManager.swift; sourceTree = "<group>"; };
		9BA49C372976950C0039B0BB /* CoreDataDelegate.swift */ = {isa = PBXFileReference; fileEncoding = 4; lastKnownFileType = sourcecode.swift; path = CoreDataDelegate.swift; sourceTree = "<group>"; };
/* End PBXFileReference section */

/* Begin PBXFrameworksBuildPhase section */
		9BA49C11297693C20039B0BB /* Frameworks */ = {
			isa = PBXFrameworksBuildPhase;
			buildActionMask = 2147483647;
			files = (
			);
			runOnlyForDeploymentPostprocessing = 0;
		};
/* End PBXFrameworksBuildPhase section */

/* Begin PBXGroup section */
		9BA49C0B297693C20039B0BB = {
			isa = PBXGroup;
			children = (
				9BA49C16297693C20039B0BB /* e-library */,
				9BA49C15297693C20039B0BB /* Products */,
			);
			sourceTree = "<group>";
		};
		9BA49C15297693C20039B0BB /* Products */ = {
			isa = PBXGroup;
			children = (
				9BA49C14297693C20039B0BB /* e-library.app */,
			);
			name = Products;
			sourceTree = "<group>";
		};
		9BA49C16297693C20039B0BB /* e-library */ = {
			isa = PBXGroup;
			children = (
				9BA49C33297694C60039B0BB /* CoreDataManager */,
				9BA49C2E2976944F0039B0BB /* AppDelegates */,
				9BA49C1B297693C20039B0BB /* ViewController.swift */,
				9BA49C1D297693C20039B0BB /* Main.storyboard */,
				9BA49C23297693C40039B0BB /* Assets.xcassets */,
				9BA49C25297693C40039B0BB /* LaunchScreen.storyboard */,
				9BA49C28297693C40039B0BB /* Info.plist */,
				9BA49C20297693C20039B0BB /* e_library.xcdatamodeld */,
			);
			path = "e-library";
			sourceTree = "<group>";
		};
		9BA49C2E2976944F0039B0BB /* AppDelegates */ = {
			isa = PBXGroup;
			children = (
				9BA49C17297693C20039B0BB /* AppDelegate.swift */,
				9BA49C19297693C20039B0BB /* SceneDelegate.swift */,
			);
			path = AppDelegates;
			sourceTree = "<group>";
		};
		9BA49C33297694C60039B0BB /* CoreDataManager */ = {
			isa = PBXGroup;
			children = (
				9BA49C35297694FA0039B0BB /* Manager */,
				9BA49C34297694D20039B0BB /* Entities */,
			);
			path = CoreDataManager;
			sourceTree = "<group>";
		};
		9BA49C34297694D20039B0BB /* Entities */ = {
			isa = PBXGroup;
			children = (
				9BA49C2F297694BF0039B0BB /* FavoriteBook+CoreDataClass.swift */,
				9BA49C30297694BF0039B0BB /* FavoriteBook+CoreDataProperties.swift */,
			);
			path = Entities;
			sourceTree = "<group>";
		};
		9BA49C35297694FA0039B0BB /* Manager */ = {
			isa = PBXGroup;
			children = (
				9BA49C372976950C0039B0BB /* CoreDataDelegate.swift */,
				9BA49C362976950C0039B0BB /* CoreDataManager.swift */,
			);
			path = Manager;
			sourceTree = "<group>";
		};
/* End PBXGroup section */

/* Begin PBXNativeTarget section */
		9BA49C13297693C20039B0BB /* e-library */ = {
			isa = PBXNativeTarget;
			buildConfigurationList = 9BA49C2B297693C40039B0BB /* Build configuration list for PBXNativeTarget "e-library" */;
			buildPhases = (
				9BA49C10297693C20039B0BB /* Sources */,
				9BA49C11297693C20039B0BB /* Frameworks */,
				9BA49C12297693C20039B0BB /* Resources */,
			);
			buildRules = (
			);
			dependencies = (
			);
			name = "e-library";
			productName = "e-library";
			productReference = 9BA49C14297693C20039B0BB /* e-library.app */;
			productType = "com.apple.product-type.application";
		};
/* End PBXNativeTarget section */

/* Begin PBXProject section */
		9BA49C0C297693C20039B0BB /* Project object */ = {
			isa = PBXProject;
			attributes = {
				BuildIndependentTargetsInParallel = 1;
				LastSwiftUpdateCheck = 1340;
				LastUpgradeCheck = 1340;
				TargetAttributes = {
					9BA49C13297693C20039B0BB = {
						CreatedOnToolsVersion = 13.4.1;
					};
				};
			};
			buildConfigurationList = 9BA49C0F297693C20039B0BB /* Build configuration list for PBXProject "e-library" */;
			compatibilityVersion = "Xcode 13.0";
			developmentRegion = en;
			hasScannedForEncodings = 0;
			knownRegions = (
				en,
				Base,
			);
			mainGroup = 9BA49C0B297693C20039B0BB;
			productRefGroup = 9BA49C15297693C20039B0BB /* Products */;
			projectDirPath = "";
			projectRoot = "";
			targets = (
				9BA49C13297693C20039B0BB /* e-library */,
			);
		};
/* End PBXProject section */

/* Begin PBXResourcesBuildPhase section */
		9BA49C12297693C20039B0BB /* Resources */ = {
			isa = PBXResourcesBuildPhase;
			buildActionMask = 2147483647;
			files = (
				9BA49C27297693C40039B0BB /* LaunchScreen.storyboard in Resources */,
				9BA49C24297693C40039B0BB /* Assets.xcassets in Resources */,
				9BA49C1F297693C20039B0BB /* Main.storyboard in Resources */,
			);
			runOnlyForDeploymentPostprocessing = 0;
		};
/* End PBXResourcesBuildPhase section */

/* Begin PBXSourcesBuildPhase section */
		9BA49C10297693C20039B0BB /* Sources */ = {
			isa = PBXSourcesBuildPhase;
			buildActionMask = 2147483647;
			files = (
				9BA49C1C297693C20039B0BB /* ViewController.swift in Sources */,
				9BA49C31297694BF0039B0BB /* FavoriteBook+CoreDataClass.swift in Sources */,
				9BA49C18297693C20039B0BB /* AppDelegate.swift in Sources */,
				9BA49C1A297693C20039B0BB /* SceneDelegate.swift in Sources */,
				9BA49C32297694BF0039B0BB /* FavoriteBook+CoreDataProperties.swift in Sources */,
				9BA49C382976950C0039B0BB /* CoreDataManager.swift in Sources */,
				9BA49C22297693C20039B0BB /* e_library.xcdatamodeld in Sources */,
				9BA49C392976950C0039B0BB /* CoreDataDelegate.swift in Sources */,
			);
			runOnlyForDeploymentPostprocessing = 0;
		};
/* End PBXSourcesBuildPhase section */

/* Begin PBXVariantGroup section */
		9BA49C1D297693C20039B0BB /* Main.storyboard */ = {
			isa = PBXVariantGroup;
			children = (
				9BA49C1E297693C20039B0BB /* Base */,
			);
			name = Main.storyboard;
			sourceTree = "<group>";
		};
		9BA49C25297693C40039B0BB /* LaunchScreen.storyboard */ = {
			isa = PBXVariantGroup;
			children = (
				9BA49C26297693C40039B0BB /* Base */,
			);
			name = LaunchScreen.storyboard;
			sourceTree = "<group>";
		};
/* End PBXVariantGroup section */

/* Begin XCBuildConfiguration section */
		9BA49C29297693C40039B0BB /* Debug */ = {
			isa = XCBuildConfiguration;
			buildSettings = {
				ALWAYS_SEARCH_USER_PATHS = NO;
				CLANG_ANALYZER_NONNULL = YES;
				CLANG_ANALYZER_NUMBER_OBJECT_CONVERSION = YES_AGGRESSIVE;
				CLANG_CXX_LANGUAGE_STANDARD = "gnu++17";
				CLANG_ENABLE_MODULES = YES;
				CLANG_ENABLE_OBJC_ARC = YES;
				CLANG_ENABLE_OBJC_WEAK = YES;
				CLANG_WARN_BLOCK_CAPTURE_AUTORELEASING = YES;
				CLANG_WARN_BOOL_CONVERSION = YES;
				CLANG_WARN_COMMA = YES;
				CLANG_WARN_CONSTANT_CONVERSION = YES;
				CLANG_WARN_DEPRECATED_OBJC_IMPLEMENTATIONS = YES;
				CLANG_WARN_DIRECT_OBJC_ISA_USAGE = YES_ERROR;
				CLANG_WARN_DOCUMENTATION_COMMENTS = YES;
				CLANG_WARN_EMPTY_BODY = YES;
				CLANG_WARN_ENUM_CONVERSION = YES;
				CLANG_WARN_INFINITE_RECURSION = YES;
				CLANG_WARN_INT_CONVERSION = YES;
				CLANG_WARN_NON_LITERAL_NULL_CONVERSION = YES;
				CLANG_WARN_OBJC_IMPLICIT_RETAIN_SELF = YES;
				CLANG_WARN_OBJC_LITERAL_CONVERSION = YES;
				CLANG_WARN_OBJC_ROOT_CLASS = YES_ERROR;
				CLANG_WARN_QUOTED_INCLUDE_IN_FRAMEWORK_HEADER = YES;
				CLANG_WARN_RANGE_LOOP_ANALYSIS = YES;
				CLANG_WARN_STRICT_PROTOTYPES = YES;
				CLANG_WARN_SUSPICIOUS_MOVE = YES;
				CLANG_WARN_UNGUARDED_AVAILABILITY = YES_AGGRESSIVE;
				CLANG_WARN_UNREACHABLE_CODE = YES;
				CLANG_WARN__DUPLICATE_METHOD_MATCH = YES;
				COPY_PHASE_STRIP = NO;
				DEBUG_INFORMATION_FORMAT = dwarf;
				ENABLE_STRICT_OBJC_MSGSEND = YES;
				ENABLE_TESTABILITY = YES;
				GCC_C_LANGUAGE_STANDARD = gnu11;
				GCC_DYNAMIC_NO_PIC = NO;
				GCC_NO_COMMON_BLOCKS = YES;
				GCC_OPTIMIZATION_LEVEL = 0;
				GCC_PREPROCESSOR_DEFINITIONS = (
					"DEBUG=1",
					"$(inherited)",
				);
				GCC_WARN_64_TO_32_BIT_CONVERSION = YES;
				GCC_WARN_ABOUT_RETURN_TYPE = YES_ERROR;
				GCC_WARN_UNDECLARED_SELECTOR = YES;
				GCC_WARN_UNINITIALIZED_AUTOS = YES_AGGRESSIVE;
				GCC_WARN_UNUSED_FUNCTION = YES;
				GCC_WARN_UNUSED_VARIABLE = YES;
				IPHONEOS_DEPLOYMENT_TARGET = 15.5;
				MTL_ENABLE_DEBUG_INFO = INCLUDE_SOURCE;
				MTL_FAST_MATH = YES;
				ONLY_ACTIVE_ARCH = YES;
				SDKROOT = iphoneos;
				SWIFT_ACTIVE_COMPILATION_CONDITIONS = DEBUG;
				SWIFT_OPTIMIZATION_LEVEL = "-Onone";
			};
			name = Debug;
		};
		9BA49C2A297693C40039B0BB /* Release */ = {
			isa = XCBuildConfiguration;
			buildSettings = {
				ALWAYS_SEARCH_USER_PATHS = NO;
				CLANG_ANALYZER_NONNULL = YES;
				CLANG_ANALYZER_NUMBER_OBJECT_CONVERSION = YES_AGGRESSIVE;
				CLANG_CXX_LANGUAGE_STANDARD = "gnu++17";
				CLANG_ENABLE_MODULES = YES;
				CLANG_ENABLE_OBJC_ARC = YES;
				CLANG_ENABLE_OBJC_WEAK = YES;
				CLANG_WARN_BLOCK_CAPTURE_AUTORELEASING = YES;
				CLANG_WARN_BOOL_CONVERSION = YES;
				CLANG_WARN_COMMA = YES;
				CLANG_WARN_CONSTANT_CONVERSION = YES;
				CLANG_WARN_DEPRECATED_OBJC_IMPLEMENTATIONS = YES;
				CLANG_WARN_DIRECT_OBJC_ISA_USAGE = YES_ERROR;
				CLANG_WARN_DOCUMENTATION_COMMENTS = YES;
				CLANG_WARN_EMPTY_BODY = YES;
				CLANG_WARN_ENUM_CONVERSION = YES;
				CLANG_WARN_INFINITE_RECURSION = YES;
				CLANG_WARN_INT_CONVERSION = YES;
				CLANG_WARN_NON_LITERAL_NULL_CONVERSION = YES;
				CLANG_WARN_OBJC_IMPLICIT_RETAIN_SELF = YES;
				CLANG_WARN_OBJC_LITERAL_CONVERSION = YES;
				CLANG_WARN_OBJC_ROOT_CLASS = YES_ERROR;
				CLANG_WARN_QUOTED_INCLUDE_IN_FRAMEWORK_HEADER = YES;
				CLANG_WARN_RANGE_LOOP_ANALYSIS = YES;
				CLANG_WARN_STRICT_PROTOTYPES = YES;
				CLANG_WARN_SUSPICIOUS_MOVE = YES;
				CLANG_WARN_UNGUARDED_AVAILABILITY = YES_AGGRESSIVE;
				CLANG_WARN_UNREACHABLE_CODE = YES;
				CLANG_WARN__DUPLICATE_METHOD_MATCH = YES;
				COPY_PHASE_STRIP = NO;
				DEBUG_INFORMATION_FORMAT = "dwarf-with-dsym";
				ENABLE_NS_ASSERTIONS = NO;
				ENABLE_STRICT_OBJC_MSGSEND = YES;
				GCC_C_LANGUAGE_STANDARD = gnu11;
				GCC_NO_COMMON_BLOCKS = YES;
				GCC_WARN_64_TO_32_BIT_CONVERSION = YES;
				GCC_WARN_ABOUT_RETURN_TYPE = YES_ERROR;
				GCC_WARN_UNDECLARED_SELECTOR = YES;
				GCC_WARN_UNINITIALIZED_AUTOS = YES_AGGRESSIVE;
				GCC_WARN_UNUSED_FUNCTION = YES;
				GCC_WARN_UNUSED_VARIABLE = YES;
				IPHONEOS_DEPLOYMENT_TARGET = 15.5;
				MTL_ENABLE_DEBUG_INFO = NO;
				MTL_FAST_MATH = YES;
				SDKROOT = iphoneos;
				SWIFT_COMPILATION_MODE = wholemodule;
				SWIFT_OPTIMIZATION_LEVEL = "-O";
				VALIDATE_PRODUCT = YES;
			};
			name = Release;
		};
		9BA49C2C297693C40039B0BB /* Debug */ = {
			isa = XCBuildConfiguration;
			buildSettings = {
				ASSETCATALOG_COMPILER_APPICON_NAME = AppIcon;
				ASSETCATALOG_COMPILER_GLOBAL_ACCENT_COLOR_NAME = AccentColor;
				CODE_SIGN_STYLE = Automatic;
				CURRENT_PROJECT_VERSION = 1;
				DEVELOPMENT_TEAM = 7NLR5CH7XX;
				GENERATE_INFOPLIST_FILE = YES;
				INFOPLIST_FILE = "e-library/Info.plist";
				INFOPLIST_KEY_UIApplicationSupportsIndirectInputEvents = YES;
				INFOPLIST_KEY_UILaunchStoryboardName = LaunchScreen;
				INFOPLIST_KEY_UIMainStoryboardFile = Main;
				INFOPLIST_KEY_UISupportedInterfaceOrientations_iPad = "UIInterfaceOrientationPortrait UIInterfaceOrientationPortraitUpsideDown UIInterfaceOrientationLandscapeLeft UIInterfaceOrientationLandscapeRight";
				INFOPLIST_KEY_UISupportedInterfaceOrientations_iPhone = "UIInterfaceOrientationPortrait UIInterfaceOrientationLandscapeLeft UIInterfaceOrientationLandscapeRight";
				LD_RUNPATH_SEARCH_PATHS = (
					"$(inherited)",
					"@executable_path/Frameworks",
				);
				MARKETING_VERSION = 1.0;
				PRODUCT_BUNDLE_IDENTIFIER = "com.e-library";
				PRODUCT_NAME = "$(TARGET_NAME)";
				SWIFT_EMIT_LOC_STRINGS = YES;
				SWIFT_VERSION = 5.0;
				TARGETED_DEVICE_FAMILY = "1,2";
			};
			name = Debug;
		};
		9BA49C2D297693C40039B0BB /* Release */ = {
			isa = XCBuildConfiguration;
			buildSettings = {
				ASSETCATALOG_COMPILER_APPICON_NAME = AppIcon;
				ASSETCATALOG_COMPILER_GLOBAL_ACCENT_COLOR_NAME = AccentColor;
				CODE_SIGN_STYLE = Automatic;
				CURRENT_PROJECT_VERSION = 1;
				DEVELOPMENT_TEAM = 7NLR5CH7XX;
				GENERATE_INFOPLIST_FILE = YES;
				INFOPLIST_FILE = "e-library/Info.plist";
				INFOPLIST_KEY_UIApplicationSupportsIndirectInputEvents = YES;
				INFOPLIST_KEY_UILaunchStoryboardName = LaunchScreen;
				INFOPLIST_KEY_UIMainStoryboardFile = Main;
				INFOPLIST_KEY_UISupportedInterfaceOrientations_iPad = "UIInterfaceOrientationPortrait UIInterfaceOrientationPortraitUpsideDown UIInterfaceOrientationLandscapeLeft UIInterfaceOrientationLandscapeRight";
				INFOPLIST_KEY_UISupportedInterfaceOrientations_iPhone = "UIInterfaceOrientationPortrait UIInterfaceOrientationLandscapeLeft UIInterfaceOrientationLandscapeRight";
				LD_RUNPATH_SEARCH_PATHS = (
					"$(inherited)",
					"@executable_path/Frameworks",
				);
				MARKETING_VERSION = 1.0;
				PRODUCT_BUNDLE_IDENTIFIER = "com.e-library";
				PRODUCT_NAME = "$(TARGET_NAME)";
				SWIFT_EMIT_LOC_STRINGS = YES;
				SWIFT_VERSION = 5.0;
				TARGETED_DEVICE_FAMILY = "1,2";
			};
			name = Release;
		};
/* End XCBuildConfiguration section */

/* Begin XCConfigurationList section */
		9BA49C0F297693C20039B0BB /* Build configuration list for PBXProject "e-library" */ = {
			isa = XCConfigurationList;
			buildConfigurations = (
				9BA49C29297693C40039B0BB /* Debug */,
				9BA49C2A297693C40039B0BB /* Release */,
			);
			defaultConfigurationIsVisible = 0;
			defaultConfigurationName = Release;
		};
		9BA49C2B297693C40039B0BB /* Build configuration list for PBXNativeTarget "e-library" */ = {
			isa = XCConfigurationList;
			buildConfigurations = (
				9BA49C2C297693C40039B0BB /* Debug */,
				9BA49C2D297693C40039B0BB /* Release */,
			);
			defaultConfigurationIsVisible = 0;
			defaultConfigurationName = Release;
		};
/* End XCConfigurationList section */

/* Begin XCVersionGroup section */
		9BA49C20297693C20039B0BB /* e_library.xcdatamodeld */ = {
			isa = XCVersionGroup;
			children = (
				9BA49C21297693C20039B0BB /* e_library.xcdatamodel */,
			);
			currentVersion = 9BA49C21297693C20039B0BB /* e_library.xcdatamodel */;
			path = e_library.xcdatamodeld;
			sourceTree = "<group>";
			versionGroupType = wrapper.xcdatamodel;
		};
/* End XCVersionGroup section */
	};
	rootObject = 9BA49C0C297693C20039B0BB /* Project object */;
}
